Microsoft Visual Studio Solution File, Format Version 12.00
# Visual Studio 14
VisualStudioVersion = 14.0.23107.0
MinimumVisualStudioVersion = 10.0.40219.1
Project("{8BC9CEB8-8B4A-11D0-8D11-00A0C91BC942}") = "DirectXTK_XDK140", "DirectXTK_XDK140.vcxproj", "{D88AC164-2D7B-4E6B-8168-C5B11A09F240}"
EndProject
Global
	GlobalSection(SolutionConfigurationPlatforms) = preSolution
		Debug|Durango = Debug|Durango
		Debug|x64 = Debug|x64
		Profile|Durango = Profile|Durango
		Profile|x64 = Profile|x64
		Release|Durango = Release|Durango
		Release|x64 = Release|x64
	EndGlobalSection
	GlobalSection(ProjectConfigurationPlatforms) = postSolution
		{D88AC164-2D7B-4E6B-8168-C5B11A09F240}.Debug|Durango.ActiveCfg = Debug|Durango
		{D88AC164-2D7B-4E6B-8168-C5B11A09F240}.Debug|Durango.Build.0 = Debug|Durango
		{D88AC164-2D7B-4E6B-8168-C5B11A09F240}.Debug|x64.ActiveCfg = Debug|x64
		{D88AC164-2D7B-4E6B-8168-C5B11A09F240}.Debug|x64.Build.0 = Debug|x64
		{D88AC164-2D7B-4E6B-8168-C5B11A09F240}.Debug|x64.Deploy.0 = Debug|x64
		{D88AC164-2D7B-4E6B-8168-C5B11A09F240}.Profile|Durango.ActiveCfg = Profile|Durango
		{D88AC164-2D7B-4E6B-8168-C5B11A09F240}.Profile|Durango.Build.0 = Profile|Durango
		{D88AC164-2D7B-4E6B-8168-C5B11A09F240}.Profile|x64.ActiveCfg = Profile|x64
		{D88AC164-2D7B-4E6B-8168-C5B11A09F240}.Profile|x64.Build.0 = Profile|x64
		{D88AC164-2D7B-4E6B-8168-C5B11A09F240}.Profile|x64.Deploy.0 = Profile|x64
		{D88AC164-2D7B-4E6B-8168-C5B11A09F240}.Release|Durango.ActiveCfg = Release|Durango
		{D88AC164-2D7B-4E6B-8168-C5B11A09F240}.Release|Durango.Build.0 = Release|Durango
		{D88AC164-2D7B-4E6B-8168-C5B11A09F240}.Release|x64.ActiveCfg = Release|x64
		{D88AC164-2D7B-4E6B-8168-C5B11A09F240}.Release|x64.Build.0 = Release|x64
		{D88AC164-2D7B-4E6B-8168-C5B11A09F240}.Release|x64.Deploy.0 = Release|x64
	EndGlobalSection
	GlobalSection(SolutionProperties) = preSolution
		HideSolutionNode = FALSE
	EndGlobalSection
EndGlobal
