Microsoft Visual Studio Solution File, Format Version 12.00
# Visual Studio 14
VisualStudioVersion = 14.0.25123.0
MinimumVisualStudioVersion = 10.0.40219.1
Project("{8BC9CEB8-8B4A-11D0-8D11-00A0C91BC942}") = "XBLIntegrationERA", "XBLIntegrationERA.vcxproj", "{34BBF511-9EFB-42E0-8E9D-3B212E1F8644}"
	ProjectSection(ProjectDependencies) = postProject
		{5FA2B23B-E67E-41A2-9132-6CB1EB6DA0A4} = {5FA2B23B-E67E-41A2-9132-6CB1EB6DA0A4}
		{371B9FA9-4C90-4AC6-A123-ACED756D6C77} = {371B9FA9-4C90-4AC6-A123-ACED756D6C77}
	EndProjectSection
EndProject
Project("{8BC9CEB8-8B4A-11D0-8D11-00A0C91BC942}") = "SampleFramework140", "..\..\Common\SampleFramework\SampleFramework140.vcxproj", "{5FA2B23B-E67E-41A2-9132-6CB1EB6DA0A4}"
EndProject
Project("{8BC9CEB8-8B4A-11D0-8D11-00A0C91BC942}") = "DirectXTK_XDK140", "..\..\Common\DirectXTK\DirectXTK_XDK140.vcxproj", "{371B9FA9-4C90-4AC6-A123-ACED756D6C77}"
EndProject
Global
	GlobalSection(SolutionConfigurationPlatforms) = preSolution
		Debug|Durango = Debug|Durango
		Debug12|Durango = Debug12|Durango
		Profile|Durango = Profile|Durango
		Profile12|Durango = Profile12|Durango
		Release|Durango = Release|Durango
		Release12|Durango = Release12|Durango
	EndGlobalSection
	GlobalSection(ProjectConfigurationPlatforms) = postSolution
		{34BBF511-9EFB-42E0-8E9D-3B212E1F8644}.Debug|Durango.ActiveCfg = Debug|Durango
		{34BBF511-9EFB-42E0-8E9D-3B212E1F8644}.Debug|Durango.Build.0 = Debug|Durango
		{34BBF511-9EFB-42E0-8E9D-3B212E1F8644}.Debug|Durango.Deploy.0 = Debug|Durango
		{34BBF511-9EFB-42E0-8E9D-3B212E1F8644}.Debug12|Durango.ActiveCfg = Debug12|Durango
		{34BBF511-9EFB-42E0-8E9D-3B212E1F8644}.Debug12|Durango.Build.0 = Debug12|Durango
		{34BBF511-9EFB-42E0-8E9D-3B212E1F8644}.Debug12|Durango.Deploy.0 = Debug12|Durango
		{34BBF511-9EFB-42E0-8E9D-3B212E1F8644}.Profile|Durango.ActiveCfg = Profile|Durango
		{34BBF511-9EFB-42E0-8E9D-3B212E1F8644}.Profile|Durango.Build.0 = Profile|Durango
		{34BBF511-9EFB-42E0-8E9D-3B212E1F8644}.Profile|Durango.Deploy.0 = Profile|Durango
		{34BBF511-9EFB-42E0-8E9D-3B212E1F8644}.Profile12|Durango.ActiveCfg = Profile12|Durango
		{34BBF511-9EFB-42E0-8E9D-3B212E1F8644}.Profile12|Durango.Build.0 = Profile12|Durango
		{34BBF511-9EFB-42E0-8E9D-3B212E1F8644}.Profile12|Durango.Deploy.0 = Profile12|Durango
		{34BBF511-9EFB-42E0-8E9D-3B212E1F8644}.Release|Durango.ActiveCfg = Release|Durango
		{34BBF511-9EFB-42E0-8E9D-3B212E1F8644}.Release|Durango.Build.0 = Release|Durango
		{34BBF511-9EFB-42E0-8E9D-3B212E1F8644}.Release|Durango.Deploy.0 = Release|Durango
		{34BBF511-9EFB-42E0-8E9D-3B212E1F8644}.Release12|Durango.ActiveCfg = Release12|Durango
		{34BBF511-9EFB-42E0-8E9D-3B212E1F8644}.Release12|Durango.Build.0 = Release12|Durango
		{34BBF511-9EFB-42E0-8E9D-3B212E1F8644}.Release12|Durango.Deploy.0 = Release12|Durango
		{5FA2B23B-E67E-41A2-9132-6CB1EB6DA0A4}.Debug|Durango.ActiveCfg = Debug|Durango
		{5FA2B23B-E67E-41A2-9132-6CB1EB6DA0A4}.Debug|Durango.Build.0 = Debug|Durango
		{5FA2B23B-E67E-41A2-9132-6CB1EB6DA0A4}.Debug12|Durango.ActiveCfg = Debug12|Durango
		{5FA2B23B-E67E-41A2-9132-6CB1EB6DA0A4}.Debug12|Durango.Build.0 = Debug12|Durango
		{5FA2B23B-E67E-41A2-9132-6CB1EB6DA0A4}.Profile|Durango.ActiveCfg = Profile|Durango
		{5FA2B23B-E67E-41A2-9132-6CB1EB6DA0A4}.Profile|Durango.Build.0 = Profile|Durango
		{5FA2B23B-E67E-41A2-9132-6CB1EB6DA0A4}.Profile12|Durango.ActiveCfg = Profile12|Durango
		{5FA2B23B-E67E-41A2-9132-6CB1EB6DA0A4}.Profile12|Durango.Build.0 = Profile12|Durango
		{5FA2B23B-E67E-41A2-9132-6CB1EB6DA0A4}.Release|Durango.ActiveCfg = Release|Durango
		{5FA2B23B-E67E-41A2-9132-6CB1EB6DA0A4}.Release|Durango.Build.0 = Release|Durango
		{5FA2B23B-E67E-41A2-9132-6CB1EB6DA0A4}.Release12|Durango.ActiveCfg = Release12|Durango
		{5FA2B23B-E67E-41A2-9132-6CB1EB6DA0A4}.Release12|Durango.Build.0 = Release12|Durango
		{371B9FA9-4C90-4AC6-A123-ACED756D6C77}.Debug|Durango.ActiveCfg = Debug|Durango
		{371B9FA9-4C90-4AC6-A123-ACED756D6C77}.Debug|Durango.Build.0 = Debug|Durango
		{371B9FA9-4C90-4AC6-A123-ACED756D6C77}.Debug12|Durango.ActiveCfg = Debug|Durango
		{371B9FA9-4C90-4AC6-A123-ACED756D6C77}.Debug12|Durango.Build.0 = Debug|Durango
		{371B9FA9-4C90-4AC6-A123-ACED756D6C77}.Profile|Durango.ActiveCfg = Profile|Durango
		{371B9FA9-4C90-4AC6-A123-ACED756D6C77}.Profile|Durango.Build.0 = Profile|Durango
		{371B9FA9-4C90-4AC6-A123-ACED756D6C77}.Profile12|Durango.ActiveCfg = Profile|Durango
		{371B9FA9-4C90-4AC6-A123-ACED756D6C77}.Profile12|Durango.Build.0 = Profile|Durango
		{371B9FA9-4C90-4AC6-A123-ACED756D6C77}.Release|Durango.ActiveCfg = Release|Durango
		{371B9FA9-4C90-4AC6-A123-ACED756D6C77}.Release|Durango.Build.0 = Release|Durango
		{371B9FA9-4C90-4AC6-A123-ACED756D6C77}.Release12|Durango.ActiveCfg = Release|Durango
		{371B9FA9-4C90-4AC6-A123-ACED756D6C77}.Release12|Durango.Build.0 = Release|Durango
	EndGlobalSection
	GlobalSection(SolutionProperties) = preSolution
		HideSolutionNode = FALSE
	EndGlobalSection
EndGlobal
