<?xml version="1.0" encoding="utf-8"?>
<Project ToolsVersion="4.0" xmlns="http://schemas.microsoft.com/developer/msbuild/2003">
  <ItemGroup>
    <ClCompile Include="Audio.cpp">
      <Filter>Source Files</Filter>
    </ClCompile>
    <ClCompile Include="BitmapFont.cpp">
      <Filter>Source Files</Filter>
    </ClCompile>
    <ClCompile Include="pch.cpp">
      <Filter>Source Files</Filter>
    </ClCompile>
    <ClCompile Include="ViewProvider.cpp">
      <Filter>Source Files</Filter>
    </ClCompile>
    <ClCompile Include="Common.cpp">
      <Filter>Source Files</Filter>
    </ClCompile>
    <ClCompile Include="GpuPerformanceQueries.cpp">
      <Filter>Source Files</Filter>
    </ClCompile>
    <ClCompile Include="SampleFramework.cpp">
      <Filter>Source Files</Filter>
    </ClCompile>
    <ClCompile Include="Mesh.cpp">
      <Filter>Source Files</Filter>
    </ClCompile>
    <ClCompile Include="commonTexture.cpp">
      <Filter>Source Files</Filter>
    </ClCompile>
    <ClCompile Include="SampleFrameworkPC.cpp">
      <Filter>Source Files</Filter>
    </ClCompile>
    <ClCompile Include="Draw.cpp">
      <Filter>Source Files</Filter>
    </ClCompile>
    <ClCompile Include="Console.cpp">
      <Filter>Source Files</Filter>
    </ClCompile>
    <ClCompile Include="Help.cpp">
      <Filter>Source Files</Filter>
    </ClCompile>
    <ClCompile Include="gpucounters.cpp">
      <Filter>Source Files</Filter>
    </ClCompile>
    <ClCompile Include=".\StockRenderStates.cpp">
      <Filter>Source Files</Filter>
    </ClCompile>
    <ClCompile Include="HttpRequest.cpp">
      <Filter>Source Files</Filter>
    </ClCompile>
    <ClCompile Include="InputPC.cpp">
      <Filter>Source Files</Filter>
    </ClCompile>
    <ClCompile Include="InputXboxOne.cpp">
      <Filter>Source Files</Filter>
    </ClCompile>
    <ClCompile Include="Perf.cpp">
      <Filter>Source Files</Filter>
    </ClCompile>
    <ClCompile Include="SampleFrameworkXboxOne.cpp">
      <Filter>Source Files</Filter>
    </ClCompile>
    <ClCompile Include="VisualizeKinect.cpp">
      <Filter>Source Files</Filter>
    </ClCompile>
    <ClCompile Include="NuiJointFilter.cpp">
      <Filter>Source Files</Filter>
    </ClCompile>
    <ClCompile Include="BasicTimer.cpp">
      <Filter>Source Files</Filter>
    </ClCompile>
    <ClCompile Include="FlyCamera.cpp">
      <Filter>Source Files</Filter>
    </ClCompile>
    <ClCompile Include="XMemAllocHooks.cpp">
      <Filter>Source Files</Filter>
    </ClCompile>
    <ClCompile Include="D3D12Util.cpp">
      <Filter>Source Files</Filter>
    </ClCompile>
    <ClCompile Include="XMemHelpers.cpp">
      <Filter>Source Files</Filter>
    </ClCompile>
    <ClCompile Include="BitmapFont12.cpp">
      <Filter>Source Files</Filter>
    </ClCompile>
    <ClCompile Include="StockRenderStates12.cpp">
      <Filter>Source Files</Filter>
    </ClCompile>
    <ClCompile Include="Draw12.cpp">
      <Filter>Source Files</Filter>
    </ClCompile>
    <ClCompile Include="Help12.cpp">
      <Filter>Source Files</Filter>
    </ClCompile>
    <ClCompile Include="mesh12.cpp">
      <Filter>Source Files</Filter>
    </ClCompile>
    <ClCompile Include="GpuPerformanceQueries12.cpp">
      <Filter>Source Files</Filter>
    </ClCompile>
    <ClCompile Include="ScreenGrab12.cpp">
      <Filter>Source Files</Filter>
    </ClCompile>
    <ClCompile Include="OrbitCamera.cpp">
      <Filter>Source Files</Filter>
    </ClCompile>
  </ItemGroup>
  <ItemGroup>
    <ClInclude Include="Audio.h">
      <Filter>Header Files</Filter>
    </ClInclude>
    <ClInclude Include="BitmapFont.h">
      <Filter>Header Files</Filter>
    </ClInclude>
    <ClInclude Include="pch.h">
      <Filter>Header Files</Filter>
    </ClInclude>
    <ClInclude Include="ViewProvider.h">
      <Filter>Header Files</Filter>
    </ClInclude>
    <ClInclude Include="Common.h">
      <Filter>Header Files</Filter>
    </ClInclude>
    <ClInclude Include="GpuPerformanceQueries.h">
      <Filter>Header Files</Filter>
    </ClInclude>
    <ClInclude Include="SampleFramework.h">
      <Filter>Header Files</Filter>
    </ClInclude>
    <ClInclude Include="Mesh.h">
      <Filter>Header Files</Filter>
    </ClInclude>
    <ClInclude Include="Input.h">
      <Filter>Header Files</Filter>
    </ClInclude>
    <ClInclude Include="Draw.h">
      <Filter>Header Files</Filter>
    </ClInclude>
    <ClInclude Include="Arcball.h">
      <Filter>Header Files</Filter>
    </ClInclude>
    <ClInclude Include="Console.h">
      <Filter>Header Files</Filter>
    </ClInclude>
    <ClInclude Include="Help.h">
      <Filter>Header Files</Filter>
    </ClInclude>
    <ClInclude Include=".\StockRenderStates.h">
      <Filter>Header Files</Filter>
    </ClInclude>
    <ClInclude Include="gpucounters.h">
      <Filter>Header Files</Filter>
    </ClInclude>
    <ClInclude Include="HttpRequest.h">
      <Filter>Header Files</Filter>
    </ClInclude>
    <ClInclude Include="InputPC.h">
      <Filter>Header Files</Filter>
    </ClInclude>
    <ClInclude Include="InputXboxOne.h">
      <Filter>Header Files</Filter>
    </ClInclude>
    <ClInclude Include="Perf.h">
      <Filter>Header Files</Filter>
    </ClInclude>
    <ClInclude Include="VisualizeKinect.h">
      <Filter>Header Files</Filter>
    </ClInclude>
    <ClInclude Include="BasicTimer.h">
      <Filter>Header Files</Filter>
    </ClInclude>
    <ClInclude Include="XDKSampleFramework.h">
      <Filter>Header Files</Filter>
    </ClInclude>
    <ClInclude Include="FlyCamera.h">
      <Filter>Header Files</Filter>
    </ClInclude>
    <ClInclude Include="XMemHelpers.h">
      <Filter>Header Files</Filter>
    </ClInclude>
    <ClInclude Include="XMemAllocHooks.h">
      <Filter>Header Files</Filter>
    </ClInclude>
    <ClInclude Include="NuiJointFilter.h">
      <Filter>Header Files</Filter>
    </ClInclude>
    <ClInclude Include="D3D12Util.h">
      <Filter>Header Files</Filter>
    </ClInclude>
    <ClInclude Include="StockRenderStates12.h">
      <Filter>Header Files</Filter>
    </ClInclude>
    <ClInclude Include="BitmapFont12.h">
      <Filter>Header Files</Filter>
    </ClInclude>
    <ClInclude Include="Draw12.h">
      <Filter>Header Files</Filter>
    </ClInclude>
    <ClInclude Include="Help12.h">
      <Filter>Header Files</Filter>
    </ClInclude>
    <ClInclude Include="mesh12.h">
      <Filter>Header Files</Filter>
    </ClInclude>
    <ClInclude Include="GpuPerformanceQueries12.h">
      <Filter>Header Files</Filter>
    </ClInclude>
    <ClInclude Include="ScreenGrab12.h">
      <Filter>Header Files</Filter>
    </ClInclude>
    <ClInclude Include="OrbitCamera.h">
      <Filter>Header Files</Filter>
    </ClInclude>
    <ClInclude Include="d3dx12.h">
      <Filter>Header Files</Filter>
    </ClInclude>
  </ItemGroup>
  <ItemGroup>
    <Filter Include="Source Files">
      <UniqueIdentifier>{4FC737F1-C7A5-4376-A066-2A32D752A2FF}</UniqueIdentifier>
      <Extensions>cpp;c;cc;cxx;def;odl;idl;hpj;bat;asm;asmx</Extensions>
    </Filter>
    <Filter Include="Header Files">
      <UniqueIdentifier>{93995380-89BD-4b04-88EB-625FBE52EBFB}</UniqueIdentifier>
      <Extensions>h;hpp;hxx;hm;inl;inc;xsd</Extensions>
    </Filter>
    <Filter Include="Resource Files">
      <UniqueIdentifier>{67DA6AB6-F800-4c08-8B7A-83BB121AAD01}</UniqueIdentifier>
      <Extensions>rc;ico;cur;bmp;dlg;rc2;rct;bin;rgs;gif;jpg;jpeg;jpe;resx;tiff;tif;png;wav;mfcribbon-ms</Extensions>
    </Filter>
    <Filter Include="Shaders">
      <UniqueIdentifier>{de88ec10-830e-4953-b54b-75515dee36fd}</UniqueIdentifier>
    </Filter>
  </ItemGroup>
  <ItemGroup>
    <CustomBuild Include="ATGFont.hlsl">
      <Filter>Shaders</Filter>
    </CustomBuild>
    <CustomBuild Include="mesh.hlsl">
      <Filter>Shaders</Filter>
    </CustomBuild>
    <CustomBuild Include="Draw.hlsl">
      <Filter>Shaders</Filter>
    </CustomBuild>
    <CustomBuild Include="VisualizeKinect.hlsl">
      <Filter>Shaders</Filter>
    </CustomBuild>
    <CustomBuild Include="GenerateMips.hlsl">
      <Filter>Shaders</Filter>
    </CustomBuild>
  </ItemGroup>
  <ItemGroup>
    <None Include="..\copymedia.bat" />
    <None Include="buildATGFontHLSL.bat">
      <Filter>Shaders</Filter>
    </None>
    <None Include="buildDrawHLSL.bat">
      <Filter>Shaders</Filter>
    </None>
    <None Include="buildMeshHLSL.bat">
      <Filter>Shaders</Filter>
    </None>
    <None Include="buildVisualizeKinectHLSL.bat">
      <Filter>Shaders</Filter>
    </None>
    <None Include="..\..\Samples.props" />
    <None Include="..\..\SamplesCommon.props" />
    <None Include="..\..\SamplesXboxOne.props" />
    <None Include="..\..\SamplesPC.props" />
    <None Include="XDKSampleFramework.man" />
    <None Include="buildGenerateMips.bat">
      <Filter>Shaders</Filter>
    </None>
  </ItemGroup>
</Project>